Microsoft Visual Studio Solution File, Format Version 12.00
# Visual Studio Version 17
VisualStudioVersion = 17.5.2.0
MinimumVisualStudioVersion = 10.0.40219.1
Project("{FAE04EC0-301F-11D3-BF4B-00C04F79EFBC}") = "modelDB", "modelDB\modelDB.csproj", "{AAC49C98-7180-6804-806B-219907AFA790}"
EndProject
Project("{FAE04EC0-301F-11D3-BF4B-00C04F79EFBC}") = "CarInventory", "CarInventory\CarInventory.csproj", "{D1341E1D-F19D-BDA6-100E-6FA67DE39C22}"
EndProject
Global
	GlobalSection(SolutionConfigurationPlatforms) = preSolution
		Debug|Any CPU = Debug|Any CPU
		Release|Any CPU = Release|Any CPU
	EndGlobalSection
	GlobalSection(ProjectConfigurationPlatforms) = postSolution
		{AAC49C98-7180-6804-806B-219907AFA790}.Debug|Any CPU.ActiveCfg = Debug|Any CPU
		{AAC49C98-7180-6804-806B-219907AFA790}.Debug|Any CPU.Build.0 = Debug|Any CPU
		{AAC49C98-7180-6804-806B-219907AFA790}.Release|Any CPU.ActiveCfg = Release|Any CPU
		{AAC49C98-7180-6804-806B-219907AFA790}.Release|Any CPU.Build.0 = Release|Any CPU
		{D1341E1D-F19D-BDA6-100E-6FA67DE39C22}.Debug|Any CPU.ActiveCfg = Debug|Any CPU
		{D1341E1D-F19D-BDA6-100E-6FA67DE39C22}.Debug|Any CPU.Build.0 = Debug|Any CPU
		{D1341E1D-F19D-BDA6-100E-6FA67DE39C22}.Release|Any CPU.ActiveCfg = Release|Any CPU
		{D1341E1D-F19D-BDA6-100E-6FA67DE39C22}.Release|Any CPU.Build.0 = Release|Any CPU
	EndGlobalSection
	GlobalSection(SolutionProperties) = preSolution
		HideSolutionNode = FALSE
	EndGlobalSection
	GlobalSection(ExtensibilityGlobals) = postSolution
		SolutionGuid = {D38A02EB-4AA8-4249-8287-586087BAA958}
	EndGlobalSection
EndGlobal
